
Microsoft Visual Studio Solution File, Format Version 12.00
# Visual Studio Version 16
VisualStudioVersion = 16.0.31702.278
MinimumVisualStudioVersion = 10.0.40219.1
Project("{FAE04EC0-301F-11D3-BF4B-00C04F79EFBC}") = "Client_for_textpars", "Client_for_textpars\Client_for_textpars.csproj", "{1798CF3B-D3D5-4806-99FE-D02219FF64C0}"
EndProject
Global
	GlobalSection(SolutionConfigurationPlatforms) = preSolution
		Debug|Any CPU = Debug|Any CPU
		Release|Any CPU = Release|Any CPU
	EndGlobalSection
	GlobalSection(ProjectConfigurationPlatforms) = postSolution
		{1798CF3B-D3D5-4806-99FE-D02219FF64C0}.Debug|Any CPU.ActiveCfg = Debug|Any CPU
		{1798CF3B-D3D5-4806-99FE-D02219FF64C0}.Debug|Any CPU.Build.0 = Debug|Any CPU
		{1798CF3B-D3D5-4806-99FE-D02219FF64C0}.Release|Any CPU.ActiveCfg = Release|Any CPU
		{1798CF3B-D3D5-4806-99FE-D02219FF64C0}.Release|Any CPU.Build.0 = Release|Any CPU
	EndGlobalSection
	GlobalSection(SolutionProperties) = preSolution
		HideSolutionNode = FALSE
	EndGlobalSection
	GlobalSection(ExtensibilityGlobals) = postSolution
		SolutionGuid = {C80523FA-FF67-4BA7-B26A-5E31F136CB65}
	EndGlobalSection
EndGlobal
